
Microsoft Visual Studio Solution File, Format Version 12.00
# Visual Studio Version 17
VisualStudioVersion = 17.14.36327.8 d17.14
MinimumVisualStudioVersion = 10.0.40219.1
Project("{FAE04EC0-301F-11D3-BF4B-00C04F79EFBC}") = "ofis_ici_yemek_secim_sistemi", "ofis_ici_yemek_secim_sistemi\ofis_ici_yemek_secim_sistemi.csproj", "{7AA4B68D-3F86-4B2A-B87E-3F7034868B32}"
EndProject
Global
	GlobalSection(SolutionConfigurationPlatforms) = preSolution
		Debug|Any CPU = Debug|Any CPU
		Release|Any CPU = Release|Any CPU
	EndGlobalSection
	GlobalSection(ProjectConfigurationPlatforms) = postSolution
		{7AA4B68D-3F86-4B2A-B87E-3F7034868B32}.Debug|Any CPU.ActiveCfg = Debug|Any CPU
		{7AA4B68D-3F86-4B2A-B87E-3F7034868B32}.Debug|Any CPU.Build.0 = Debug|Any CPU
		{7AA4B68D-3F86-4B2A-B87E-3F7034868B32}.Release|Any CPU.ActiveCfg = Release|Any CPU
		{7AA4B68D-3F86-4B2A-B87E-3F7034868B32}.Release|Any CPU.Build.0 = Release|Any CPU
	EndGlobalSection
	GlobalSection(SolutionProperties) = preSolution
		HideSolutionNode = FALSE
	EndGlobalSection
	GlobalSection(ExtensibilityGlobals) = postSolution
		SolutionGuid = {2BEB339C-3D98-4566-8513-C9E6D6115765}
	EndGlobalSection
EndGlobal
